
Microsoft Visual Studio Solution File, Format Version 12.00
# Visual Studio 2013
VisualStudioVersion = 12.0.30723.0
MinimumVisualStudioVersion = 10.0.40219.1
Project("{FAE04EC0-301F-11D3-BF4B-00C04F79EFBC}") = "DotTree.WebUI", "DotTree.WebUI\DotTree.WebUI.csproj", "{8DB9C45F-B41B-42FA-A688-594652FB40D3}"
EndProject
Project("{FAE04EC0-301F-11D3-BF4B-00C04F79EFBC}") = "DotTree.UnitTests", "DotTree.UnitTests\DotTree.UnitTests.csproj", "{A7AC9670-3EB0-4841-A2CF-DF4DAE2171B8}"
EndProject
Project("{FAE04EC0-301F-11D3-BF4B-00C04F79EFBC}") = "DotTree.Domain", "DotTree.Domain\DotTree.Domain.csproj", "{7D1EC9DE-45FD-4B36-BEF5-3AAB5692FC95}"
EndProject
Global
	GlobalSection(SolutionConfigurationPlatforms) = preSolution
		Debug|Any CPU = Debug|Any CPU
		Release|Any CPU = Release|Any CPU
	EndGlobalSection
	GlobalSection(ProjectConfigurationPlatforms) = postSolution
		{8DB9C45F-B41B-42FA-A688-594652FB40D3}.Debug|Any CPU.ActiveCfg = Debug|Any CPU
		{8DB9C45F-B41B-42FA-A688-594652FB40D3}.Debug|Any CPU.Build.0 = Debug|Any CPU
		{8DB9C45F-B41B-42FA-A688-594652FB40D3}.Release|Any CPU.ActiveCfg = Release|Any CPU
		{8DB9C45F-B41B-42FA-A688-594652FB40D3}.Release|Any CPU.Build.0 = Release|Any CPU
		{A7AC9670-3EB0-4841-A2CF-DF4DAE2171B8}.Debug|Any CPU.ActiveCfg = Debug|Any CPU
		{A7AC9670-3EB0-4841-A2CF-DF4DAE2171B8}.Debug|Any CPU.Build.0 = Debug|Any CPU
		{A7AC9670-3EB0-4841-A2CF-DF4DAE2171B8}.Release|Any CPU.ActiveCfg = Release|Any CPU
		{A7AC9670-3EB0-4841-A2CF-DF4DAE2171B8}.Release|Any CPU.Build.0 = Release|Any CPU
		{7D1EC9DE-45FD-4B36-BEF5-3AAB5692FC95}.Debug|Any CPU.ActiveCfg = Debug|Any CPU
		{7D1EC9DE-45FD-4B36-BEF5-3AAB5692FC95}.Debug|Any CPU.Build.0 = Debug|Any CPU
		{7D1EC9DE-45FD-4B36-BEF5-3AAB5692FC95}.Release|Any CPU.ActiveCfg = Release|Any CPU
		{7D1EC9DE-45FD-4B36-BEF5-3AAB5692FC95}.Release|Any CPU.Build.0 = Release|Any CPU
	EndGlobalSection
	GlobalSection(SolutionProperties) = preSolution
		HideSolutionNode = FALSE
	EndGlobalSection
EndGlobal
